
Microsoft Visual Studio Solution File, Format Version 11.00
# Visual Studio 2010
Project("{FAE04EC0-301F-11D3-BF4B-00C04F79EFBC}") = "Assembly-CSharp", "Assembly-CSharp.csproj", "{D2ABBB6C-BE36-0338-22A8-B84AA6AA1601}"
EndProject
Project("{FAE04EC0-301F-11D3-BF4B-00C04F79EFBC}") = "Assembly-CSharp-Editor", "Assembly-CSharp-Editor.csproj", "{23053621-F2CC-E3AA-62C1-CEF5423C6E88}"
EndProject
Global
	GlobalSection(SolutionConfigurationPlatforms) = preSolution
		Debug|Any CPU = Debug|Any CPU
		Release|Any CPU = Release|Any CPU
	EndGlobalSection
	GlobalSection(ProjectConfigurationPlatforms) = postSolution
		{D2ABBB6C-BE36-0338-22A8-B84AA6AA1601}.Debug|Any CPU.ActiveCfg = Debug|Any CPU
		{D2ABBB6C-BE36-0338-22A8-B84AA6AA1601}.Debug|Any CPU.Build.0 = Debug|Any CPU
		{D2ABBB6C-BE36-0338-22A8-B84AA6AA1601}.Release|Any CPU.ActiveCfg = Release|Any CPU
		{D2ABBB6C-BE36-0338-22A8-B84AA6AA1601}.Release|Any CPU.Build.0 = Release|Any CPU
		{23053621-F2CC-E3AA-62C1-CEF5423C6E88}.Debug|Any CPU.ActiveCfg = Debug|Any CPU
		{23053621-F2CC-E3AA-62C1-CEF5423C6E88}.Debug|Any CPU.Build.0 = Debug|Any CPU
		{23053621-F2CC-E3AA-62C1-CEF5423C6E88}.Release|Any CPU.ActiveCfg = Release|Any CPU
		{23053621-F2CC-E3AA-62C1-CEF5423C6E88}.Release|Any CPU.Build.0 = Release|Any CPU
	EndGlobalSection
	GlobalSection(SolutionProperties) = preSolution
		HideSolutionNode = FALSE
	EndGlobalSection
EndGlobal
